
Microsoft Visual Studio Solution File, Format Version 12.00
# Visual Studio 15
VisualStudioVersion = 15.0.28307.705
MinimumVisualStudioVersion = 10.0.40219.1
Project("{9A19103F-16F7-4668-BE54-9A1E7A4F7556}") = "Carambolas.Net", "Carambolas.Net\Carambolas.Net.csproj", "{08D8F0A9-951E-4C89-B80C-D5100ADC5B70}"
	ProjectSection(ProjectDependencies) = postProject
		{AA318136-5883-4464-B86B-9408AC70546A} = {AA318136-5883-4464-B86B-9408AC70546A}
	EndProjectSection
EndProject
Project("{9A19103F-16F7-4668-BE54-9A1E7A4F7556}") = "Carambolas.Core", "Carambolas.Core\Carambolas.Core.csproj", "{AA318136-5883-4464-B86B-9408AC70546A}"
EndProject
Project("{9A19103F-16F7-4668-BE54-9A1E7A4F7556}") = "Carambolas.Net.Tests.Integration", "Carambolas.Net.Tests.Integration\Carambolas.Net.Tests.Integration.csproj", "{3E71E0CC-30EB-48BD-92D9-34A0FDB080FB}"
EndProject
Project("{9A19103F-16F7-4668-BE54-9A1E7A4F7556}") = "Carambolas.Net.Tests.Application", "Carambolas.Net.Tests.Application\Carambolas.Net.Tests.Application.csproj", "{21313ABC-A7FF-40B3-AEE4-08DF739B5760}"
EndProject
Project("{2150E333-8FDC-42A3-9474-1A3956D46DE8}") = "Documentation", "Documentation", "{58C13A71-C7D0-4489-81E4-A60A7ED24370}"
	ProjectSection(SolutionItems) = preProject
		LICENSE = LICENSE
		README.md = README.md
	EndProjectSection
EndProject
Project("{9A19103F-16F7-4668-BE54-9A1E7A4F7556}") = "Carambolas.Net.Tests", "Carambolas.Net.Tests\Carambolas.Net.Tests.csproj", "{FDA8E9EF-F38B-4A32-932A-ED1D5583AEFE}"
EndProject
Project("{9A19103F-16F7-4668-BE54-9A1E7A4F7556}") = "Carambolas.Core.Tests", "Carambolas.Core.Tests\Carambolas.Core.Tests.csproj", "{F146A0D3-AAE2-4086-AEFC-3F1FC76914D8}"
EndProject
Project("{9A19103F-16F7-4668-BE54-9A1E7A4F7556}") = "Carambolas.Unity", "Carambolas.Unity\Carambolas.Unity.csproj", "{230EEDA9-5DF9-4DF8-9792-97B3489AA8E3}"
EndProject
Project("{9A19103F-16F7-4668-BE54-9A1E7A4F7556}") = "Carambolas.Unity.Replication", "Carambolas.Unity.Replication\Carambolas.Unity.Replication.csproj", "{3B2DAA61-087D-4CC6-90B4-FEAB4AA6A912}"
EndProject
Project("{9A19103F-16F7-4668-BE54-9A1E7A4F7556}") = "Carambolas.Unity-Editor", "Carambolas.Unity-Editor\Carambolas.Unity-Editor.csproj", "{0D29AB73-6B92-4402-8CD0-639539F34008}"
EndProject
Project("{9A19103F-16F7-4668-BE54-9A1E7A4F7556}") = "Carambolas.Unity.Replication-Editor", "Carambolas.Unity.Replication-Editor\Carambolas.Unity.Replication-Editor.csproj", "{D658D80C-212A-4751-9B58-7ADBC94C22BE}"
EndProject
Project("{9A19103F-16F7-4668-BE54-9A1E7A4F7556}") = "UnityPackageManager.Carambolas.Core", "UnityPackageManager.Carambolas.Core\UnityPackageManager.Carambolas.Core.csproj", "{B4CD9E24-97D0-4CBA-8240-C61A0028F5F1}"
EndProject
Project("{9A19103F-16F7-4668-BE54-9A1E7A4F7556}") = "UnityPackageManager.Carambolas.Net", "UnityPackageManager.Carambolas.Net\UnityPackageManager.Carambolas.Net.csproj", "{F254ED28-7A5F-4575-808E-20C0FADA6789}"
EndProject
Project("{9A19103F-16F7-4668-BE54-9A1E7A4F7556}") = "UnityPackageManager.Carambolas.Unity.Replication", "UnityPackageManager.Carambolas.Unity.Replication\UnityPackageManager.Carambolas.Unity.Replication.csproj", "{BCBE2ABC-615D-4D17-8283-03E00F97B392}"
EndProject
Project("{9A19103F-16F7-4668-BE54-9A1E7A4F7556}") = "UnityPackageManager.Carambolas.Unity", "UnityPackageManager.Carambolas.Unity\UnityPackageManager.Carambolas.Unity.csproj", "{3D9987BD-093F-4F72-9AB8-C82F2E95AD1E}"
EndProject
Project("{9A19103F-16F7-4668-BE54-9A1E7A4F7556}") = "UnityPackageManager.System.Memory", "UnityPackageManager.System.Memory\UnityPackageManager.System.Memory.csproj", "{3394221F-42CA-403E-84E3-861682F1B81F}"
EndProject
Project("{9A19103F-16F7-4668-BE54-9A1E7A4F7556}") = "Carambolas.UI.Replxx", "Carambolas.UI.Replxx\Carambolas.UI.Replxx.csproj", "{6F15A111-4A26-4CE0-BE21-8785D7C20C4B}"
EndProject
Project("{9A19103F-16F7-4668-BE54-9A1E7A4F7556}") = "Carambolas.Runtime.InteropServices", "Carambolas.Runtime.InteropServices\Carambolas.Runtime.InteropServices.csproj", "{57CE15DA-6F66-418A-B18B-B722B52ADE6A}"
EndProject
Project("{9A19103F-16F7-4668-BE54-9A1E7A4F7556}") = "Carambolas.Unity.CommandLine", "Carambolas.Unity.CommandLine\Carambolas.Unity.CommandLine.csproj", "{BA17F853-3218-4C94-97E6-92CEEBB16A14}"
EndProject
Project("{9A19103F-16F7-4668-BE54-9A1E7A4F7556}") = "UnityPackageManager.Carambolas.Unity.CommandLine", "UnityPackageManager.Carambolas.Unity.CommandLine\UnityPackageManager.Carambolas.Unity.CommandLine.csproj", "{689AF602-E8C9-4656-8ECD-A4A8164762DF}"
EndProject
Project("{9A19103F-16F7-4668-BE54-9A1E7A4F7556}") = "UnityPackageManager.Carambolas.Runtime.InteropServices", "UnityPackageManager.Carambolas.Runtime.InteropServices\UnityPackageManager.Carambolas.Runtime.InteropServices.csproj", "{65BC9D85-B038-48F4-A3E6-4E57A249EFD2}"
EndProject
Project("{9A19103F-16F7-4668-BE54-9A1E7A4F7556}") = "UnityPackageManager.Carambolas.UI.Replxx", "UnityPackageManager.Carambolas.UI.Replxx\UnityPackageManager.Carambolas.UI.Replxx.csproj", "{C77896A1-F01C-4CCF-B24D-27424E97B159}"
EndProject
Project("{9A19103F-16F7-4668-BE54-9A1E7A4F7556}") = "Carambolas.UI.Replxx.Tests.Application", "Carambolas.UI.Replxx.Tests.Application\Carambolas.UI.Replxx.Tests.Application.csproj", "{AEAA605D-3AD7-4ADA-B2DE-2FD478D5AE0D}"
EndProject
Global
	GlobalSection(SolutionConfigurationPlatforms) = preSolution
		Debug|x64 = Debug|x64
		Debug|x86 = Debug|x86
		Release|x64 = Release|x64
		Release|x86 = Release|x86
	EndGlobalSection
	GlobalSection(ProjectConfigurationPlatforms) = postSolution
		{08D8F0A9-951E-4C89-B80C-D5100ADC5B70}.Debug|x64.ActiveCfg = Debug|Any CPU
		{08D8F0A9-951E-4C89-B80C-D5100ADC5B70}.Debug|x64.Build.0 = Debug|Any CPU
		{08D8F0A9-951E-4C89-B80C-D5100ADC5B70}.Debug|x86.ActiveCfg = Debug|Any CPU
		{08D8F0A9-951E-4C89-B80C-D5100ADC5B70}.Debug|x86.Build.0 = Debug|Any CPU
		{08D8F0A9-951E-4C89-B80C-D5100ADC5B70}.Release|x64.ActiveCfg = Release|Any CPU
		{08D8F0A9-951E-4C89-B80C-D5100ADC5B70}.Release|x64.Build.0 = Release|Any CPU
		{08D8F0A9-951E-4C89-B80C-D5100ADC5B70}.Release|x86.ActiveCfg = Release|Any CPU
		{08D8F0A9-951E-4C89-B80C-D5100ADC5B70}.Release|x86.Build.0 = Release|Any CPU
		{AA318136-5883-4464-B86B-9408AC70546A}.Debug|x64.ActiveCfg = Debug|Any CPU
		{AA318136-5883-4464-B86B-9408AC70546A}.Debug|x64.Build.0 = Debug|Any CPU
		{AA318136-5883-4464-B86B-9408AC70546A}.Debug|x86.ActiveCfg = Debug|Any CPU
		{AA318136-5883-4464-B86B-9408AC70546A}.Debug|x86.Build.0 = Debug|Any CPU
		{AA318136-5883-4464-B86B-9408AC70546A}.Release|x64.ActiveCfg = Release|Any CPU
		{AA318136-5883-4464-B86B-9408AC70546A}.Release|x64.Build.0 = Release|Any CPU
		{AA318136-5883-4464-B86B-9408AC70546A}.Release|x86.ActiveCfg = Release|Any CPU
		{AA318136-5883-4464-B86B-9408AC70546A}.Release|x86.Build.0 = Release|Any CPU
		{3E71E0CC-30EB-48BD-92D9-34A0FDB080FB}.Debug|x64.ActiveCfg = Debug|x64
		{3E71E0CC-30EB-48BD-92D9-34A0FDB080FB}.Debug|x64.Build.0 = Debug|x64
		{3E71E0CC-30EB-48BD-92D9-34A0FDB080FB}.Debug|x86.ActiveCfg = Debug|x86
		{3E71E0CC-30EB-48BD-92D9-34A0FDB080FB}.Debug|x86.Build.0 = Debug|x86
		{3E71E0CC-30EB-48BD-92D9-34A0FDB080FB}.Release|x64.ActiveCfg = Release|x64
		{3E71E0CC-30EB-48BD-92D9-34A0FDB080FB}.Release|x64.Build.0 = Release|x64
		{3E71E0CC-30EB-48BD-92D9-34A0FDB080FB}.Release|x86.ActiveCfg = Release|x86
		{3E71E0CC-30EB-48BD-92D9-34A0FDB080FB}.Release|x86.Build.0 = Release|x86
		{21313ABC-A7FF-40B3-AEE4-08DF739B5760}.Debug|x64.ActiveCfg = Debug|x64
		{21313ABC-A7FF-40B3-AEE4-08DF739B5760}.Debug|x64.Build.0 = Debug|x64
		{21313ABC-A7FF-40B3-AEE4-08DF739B5760}.Debug|x86.ActiveCfg = Debug|x86
		{21313ABC-A7FF-40B3-AEE4-08DF739B5760}.Debug|x86.Build.0 = Debug|x86
		{21313ABC-A7FF-40B3-AEE4-08DF739B5760}.Release|x64.ActiveCfg = Release|x64
		{21313ABC-A7FF-40B3-AEE4-08DF739B5760}.Release|x64.Build.0 = Release|x64
		{21313ABC-A7FF-40B3-AEE4-08DF739B5760}.Release|x86.ActiveCfg = Release|x86
		{21313ABC-A7FF-40B3-AEE4-08DF739B5760}.Release|x86.Build.0 = Release|x86
		{FDA8E9EF-F38B-4A32-932A-ED1D5583AEFE}.Debug|x64.ActiveCfg = Debug|Any CPU
		{FDA8E9EF-F38B-4A32-932A-ED1D5583AEFE}.Debug|x64.Build.0 = Debug|Any CPU
		{FDA8E9EF-F38B-4A32-932A-ED1D5583AEFE}.Debug|x86.ActiveCfg = Debug|Any CPU
		{FDA8E9EF-F38B-4A32-932A-ED1D5583AEFE}.Debug|x86.Build.0 = Debug|Any CPU
		{FDA8E9EF-F38B-4A32-932A-ED1D5583AEFE}.Release|x64.ActiveCfg = Release|Any CPU
		{FDA8E9EF-F38B-4A32-932A-ED1D5583AEFE}.Release|x64.Build.0 = Release|Any CPU
		{FDA8E9EF-F38B-4A32-932A-ED1D5583AEFE}.Release|x86.ActiveCfg = Release|Any CPU
		{FDA8E9EF-F38B-4A32-932A-ED1D5583AEFE}.Release|x86.Build.0 = Release|Any CPU
		{F146A0D3-AAE2-4086-AEFC-3F1FC76914D8}.Debug|x64.ActiveCfg = Debug|Any CPU
		{F146A0D3-AAE2-4086-AEFC-3F1FC76914D8}.Debug|x64.Build.0 = Debug|Any CPU
		{F146A0D3-AAE2-4086-AEFC-3F1FC76914D8}.Debug|x86.ActiveCfg = Debug|Any CPU
		{F146A0D3-AAE2-4086-AEFC-3F1FC76914D8}.Debug|x86.Build.0 = Debug|Any CPU
		{F146A0D3-AAE2-4086-AEFC-3F1FC76914D8}.Release|x64.ActiveCfg = Release|Any CPU
		{F146A0D3-AAE2-4086-AEFC-3F1FC76914D8}.Release|x64.Build.0 = Release|Any CPU
		{F146A0D3-AAE2-4086-AEFC-3F1FC76914D8}.Release|x86.ActiveCfg = Release|Any CPU
		{F146A0D3-AAE2-4086-AEFC-3F1FC76914D8}.Release|x86.Build.0 = Release|Any CPU
		{230EEDA9-5DF9-4DF8-9792-97B3489AA8E3}.Debug|x64.ActiveCfg = Debug|Any CPU
		{230EEDA9-5DF9-4DF8-9792-97B3489AA8E3}.Debug|x64.Build.0 = Debug|Any CPU
		{230EEDA9-5DF9-4DF8-9792-97B3489AA8E3}.Debug|x86.ActiveCfg = Debug|Any CPU
		{230EEDA9-5DF9-4DF8-9792-97B3489AA8E3}.Debug|x86.Build.0 = Debug|Any CPU
		{230EEDA9-5DF9-4DF8-9792-97B3489AA8E3}.Release|x64.ActiveCfg = Release|Any CPU
		{230EEDA9-5DF9-4DF8-9792-97B3489AA8E3}.Release|x64.Build.0 = Release|Any CPU
		{230EEDA9-5DF9-4DF8-9792-97B3489AA8E3}.Release|x86.ActiveCfg = Release|Any CPU
		{230EEDA9-5DF9-4DF8-9792-97B3489AA8E3}.Release|x86.Build.0 = Release|Any CPU
		{3B2DAA61-087D-4CC6-90B4-FEAB4AA6A912}.Debug|x64.ActiveCfg = Debug|Any CPU
		{3B2DAA61-087D-4CC6-90B4-FEAB4AA6A912}.Debug|x64.Build.0 = Debug|Any CPU
		{3B2DAA61-087D-4CC6-90B4-FEAB4AA6A912}.Debug|x86.ActiveCfg = Debug|Any CPU
		{3B2DAA61-087D-4CC6-90B4-FEAB4AA6A912}.Debug|x86.Build.0 = Debug|Any CPU
		{3B2DAA61-087D-4CC6-90B4-FEAB4AA6A912}.Release|x64.ActiveCfg = Release|Any CPU
		{3B2DAA61-087D-4CC6-90B4-FEAB4AA6A912}.Release|x64.Build.0 = Release|Any CPU
		{3B2DAA61-087D-4CC6-90B4-FEAB4AA6A912}.Release|x86.ActiveCfg = Release|Any CPU
		{3B2DAA61-087D-4CC6-90B4-FEAB4AA6A912}.Release|x86.Build.0 = Release|Any CPU
		{0D29AB73-6B92-4402-8CD0-639539F34008}.Debug|x64.ActiveCfg = Debug|Any CPU
		{0D29AB73-6B92-4402-8CD0-639539F34008}.Debug|x64.Build.0 = Debug|Any CPU
		{0D29AB73-6B92-4402-8CD0-639539F34008}.Debug|x86.ActiveCfg = Debug|Any CPU
		{0D29AB73-6B92-4402-8CD0-639539F34008}.Debug|x86.Build.0 = Debug|Any CPU
		{0D29AB73-6B92-4402-8CD0-639539F34008}.Release|x64.ActiveCfg = Release|Any CPU
		{0D29AB73-6B92-4402-8CD0-639539F34008}.Release|x64.Build.0 = Release|Any CPU
		{0D29AB73-6B92-4402-8CD0-639539F34008}.Release|x86.ActiveCfg = Release|Any CPU
		{0D29AB73-6B92-4402-8CD0-639539F34008}.Release|x86.Build.0 = Release|Any CPU
		{D658D80C-212A-4751-9B58-7ADBC94C22BE}.Debug|x64.ActiveCfg = Debug|Any CPU
		{D658D80C-212A-4751-9B58-7ADBC94C22BE}.Debug|x64.Build.0 = Debug|Any CPU
		{D658D80C-212A-4751-9B58-7ADBC94C22BE}.Debug|x86.ActiveCfg = Debug|Any CPU
		{D658D80C-212A-4751-9B58-7ADBC94C22BE}.Debug|x86.Build.0 = Debug|Any CPU
		{D658D80C-212A-4751-9B58-7ADBC94C22BE}.Release|x64.ActiveCfg = Release|Any CPU
		{D658D80C-212A-4751-9B58-7ADBC94C22BE}.Release|x64.Build.0 = Release|Any CPU
		{D658D80C-212A-4751-9B58-7ADBC94C22BE}.Release|x86.ActiveCfg = Release|Any CPU
		{D658D80C-212A-4751-9B58-7ADBC94C22BE}.Release|x86.Build.0 = Release|Any CPU
		{B4CD9E24-97D0-4CBA-8240-C61A0028F5F1}.Debug|x64.ActiveCfg = Debug|Any CPU
		{B4CD9E24-97D0-4CBA-8240-C61A0028F5F1}.Debug|x64.Build.0 = Debug|Any CPU
		{B4CD9E24-97D0-4CBA-8240-C61A0028F5F1}.Debug|x86.ActiveCfg = Debug|Any CPU
		{B4CD9E24-97D0-4CBA-8240-C61A0028F5F1}.Debug|x86.Build.0 = Debug|Any CPU
		{B4CD9E24-97D0-4CBA-8240-C61A0028F5F1}.Release|x64.ActiveCfg = Release|Any CPU
		{B4CD9E24-97D0-4CBA-8240-C61A0028F5F1}.Release|x64.Build.0 = Release|Any CPU
		{B4CD9E24-97D0-4CBA-8240-C61A0028F5F1}.Release|x86.ActiveCfg = Release|Any CPU
		{B4CD9E24-97D0-4CBA-8240-C61A0028F5F1}.Release|x86.Build.0 = Release|Any CPU
		{F254ED28-7A5F-4575-808E-20C0FADA6789}.Debug|x64.ActiveCfg = Debug|Any CPU
		{F254ED28-7A5F-4575-808E-20C0FADA6789}.Debug|x64.Build.0 = Debug|Any CPU
		{F254ED28-7A5F-4575-808E-20C0FADA6789}.Debug|x86.ActiveCfg = Debug|Any CPU
		{F254ED28-7A5F-4575-808E-20C0FADA6789}.Debug|x86.Build.0 = Debug|Any CPU
		{F254ED28-7A5F-4575-808E-20C0FADA6789}.Release|x64.ActiveCfg = Release|Any CPU
		{F254ED28-7A5F-4575-808E-20C0FADA6789}.Release|x64.Build.0 = Release|Any CPU
		{F254ED28-7A5F-4575-808E-20C0FADA6789}.Release|x86.ActiveCfg = Release|Any CPU
		{F254ED28-7A5F-4575-808E-20C0FADA6789}.Release|x86.Build.0 = Release|Any CPU
		{BCBE2ABC-615D-4D17-8283-03E00F97B392}.Debug|x64.ActiveCfg = Debug|Any CPU
		{BCBE2ABC-615D-4D17-8283-03E00F97B392}.Debug|x64.Build.0 = Debug|Any CPU
		{BCBE2ABC-615D-4D17-8283-03E00F97B392}.Debug|x86.ActiveCfg = Debug|Any CPU
		{BCBE2ABC-615D-4D17-8283-03E00F97B392}.Debug|x86.Build.0 = Debug|Any CPU
		{BCBE2ABC-615D-4D17-8283-03E00F97B392}.Release|x64.ActiveCfg = Release|Any CPU
		{BCBE2ABC-615D-4D17-8283-03E00F97B392}.Release|x64.Build.0 = Release|Any CPU
		{BCBE2ABC-615D-4D17-8283-03E00F97B392}.Release|x86.ActiveCfg = Release|Any CPU
		{BCBE2ABC-615D-4D17-8283-03E00F97B392}.Release|x86.Build.0 = Release|Any CPU
		{3D9987BD-093F-4F72-9AB8-C82F2E95AD1E}.Debug|x64.ActiveCfg = Debug|Any CPU
		{3D9987BD-093F-4F72-9AB8-C82F2E95AD1E}.Debug|x64.Build.0 = Debug|Any CPU
		{3D9987BD-093F-4F72-9AB8-C82F2E95AD1E}.Debug|x86.ActiveCfg = Debug|Any CPU
		{3D9987BD-093F-4F72-9AB8-C82F2E95AD1E}.Debug|x86.Build.0 = Debug|Any CPU
		{3D9987BD-093F-4F72-9AB8-C82F2E95AD1E}.Release|x64.ActiveCfg = Release|Any CPU
		{3D9987BD-093F-4F72-9AB8-C82F2E95AD1E}.Release|x64.Build.0 = Release|Any CPU
		{3D9987BD-093F-4F72-9AB8-C82F2E95AD1E}.Release|x86.ActiveCfg = Release|Any CPU
		{3D9987BD-093F-4F72-9AB8-C82F2E95AD1E}.Release|x86.Build.0 = Release|Any CPU
		{3394221F-42CA-403E-84E3-861682F1B81F}.Debug|x64.ActiveCfg = Debug|Any CPU
		{3394221F-42CA-403E-84E3-861682F1B81F}.Debug|x64.Build.0 = Debug|Any CPU
		{3394221F-42CA-403E-84E3-861682F1B81F}.Debug|x86.ActiveCfg = Debug|Any CPU
		{3394221F-42CA-403E-84E3-861682F1B81F}.Debug|x86.Build.0 = Debug|Any CPU
		{3394221F-42CA-403E-84E3-861682F1B81F}.Release|x64.ActiveCfg = Release|Any CPU
		{3394221F-42CA-403E-84E3-861682F1B81F}.Release|x64.Build.0 = Release|Any CPU
		{3394221F-42CA-403E-84E3-861682F1B81F}.Release|x86.ActiveCfg = Release|Any CPU
		{3394221F-42CA-403E-84E3-861682F1B81F}.Release|x86.Build.0 = Release|Any CPU
		{6F15A111-4A26-4CE0-BE21-8785D7C20C4B}.Debug|x64.ActiveCfg = Debug|Any CPU
		{6F15A111-4A26-4CE0-BE21-8785D7C20C4B}.Debug|x64.Build.0 = Debug|Any CPU
		{6F15A111-4A26-4CE0-BE21-8785D7C20C4B}.Debug|x86.ActiveCfg = Debug|Any CPU
		{6F15A111-4A26-4CE0-BE21-8785D7C20C4B}.Debug|x86.Build.0 = Debug|Any CPU
		{6F15A111-4A26-4CE0-BE21-8785D7C20C4B}.Release|x64.ActiveCfg = Release|Any CPU
		{6F15A111-4A26-4CE0-BE21-8785D7C20C4B}.Release|x64.Build.0 = Release|Any CPU
		{6F15A111-4A26-4CE0-BE21-8785D7C20C4B}.Release|x86.ActiveCfg = Release|Any CPU
		{6F15A111-4A26-4CE0-BE21-8785D7C20C4B}.Release|x86.Build.0 = Release|Any CPU
		{57CE15DA-6F66-418A-B18B-B722B52ADE6A}.Debug|x64.ActiveCfg = Debug|Any CPU
		{57CE15DA-6F66-418A-B18B-B722B52ADE6A}.Debug|x64.Build.0 = Debug|Any CPU
		{57CE15DA-6F66-418A-B18B-B722B52ADE6A}.Debug|x86.ActiveCfg = Debug|Any CPU
		{57CE15DA-6F66-418A-B18B-B722B52ADE6A}.Debug|x86.Build.0 = Debug|Any CPU
		{57CE15DA-6F66-418A-B18B-B722B52ADE6A}.Release|x64.ActiveCfg = Release|Any CPU
		{57CE15DA-6F66-418A-B18B-B722B52ADE6A}.Release|x64.Build.0 = Release|Any CPU
		{57CE15DA-6F66-418A-B18B-B722B52ADE6A}.Release|x86.ActiveCfg = Release|Any CPU
		{57CE15DA-6F66-418A-B18B-B722B52ADE6A}.Release|x86.Build.0 = Release|Any CPU
		{BA17F853-3218-4C94-97E6-92CEEBB16A14}.Debug|x64.ActiveCfg = Debug|Any CPU
		{BA17F853-3218-4C94-97E6-92CEEBB16A14}.Debug|x64.Build.0 = Debug|Any CPU
		{BA17F853-3218-4C94-97E6-92CEEBB16A14}.Debug|x86.ActiveCfg = Debug|Any CPU
		{BA17F853-3218-4C94-97E6-92CEEBB16A14}.Debug|x86.Build.0 = Debug|Any CPU
		{BA17F853-3218-4C94-97E6-92CEEBB16A14}.Release|x64.ActiveCfg = Release|Any CPU
		{BA17F853-3218-4C94-97E6-92CEEBB16A14}.Release|x64.Build.0 = Release|Any CPU
		{BA17F853-3218-4C94-97E6-92CEEBB16A14}.Release|x86.ActiveCfg = Release|Any CPU
		{BA17F853-3218-4C94-97E6-92CEEBB16A14}.Release|x86.Build.0 = Release|Any CPU
		{689AF602-E8C9-4656-8ECD-A4A8164762DF}.Debug|x64.ActiveCfg = Debug|Any CPU
		{689AF602-E8C9-4656-8ECD-A4A8164762DF}.Debug|x64.Build.0 = Debug|Any CPU
		{689AF602-E8C9-4656-8ECD-A4A8164762DF}.Debug|x86.ActiveCfg = Debug|Any CPU
		{689AF602-E8C9-4656-8ECD-A4A8164762DF}.Debug|x86.Build.0 = Debug|Any CPU
		{689AF602-E8C9-4656-8ECD-A4A8164762DF}.Release|x64.ActiveCfg = Release|Any CPU
		{689AF602-E8C9-4656-8ECD-A4A8164762DF}.Release|x64.Build.0 = Release|Any CPU
		{689AF602-E8C9-4656-8ECD-A4A8164762DF}.Release|x86.ActiveCfg = Release|Any CPU
		{689AF602-E8C9-4656-8ECD-A4A8164762DF}.Release|x86.Build.0 = Release|Any CPU
		{65BC9D85-B038-48F4-A3E6-4E57A249EFD2}.Debug|x64.ActiveCfg = Debug|Any CPU
		{65BC9D85-B038-48F4-A3E6-4E57A249EFD2}.Debug|x64.Build.0 = Debug|Any CPU
		{65BC9D85-B038-48F4-A3E6-4E57A249EFD2}.Debug|x86.ActiveCfg = Debug|Any CPU
		{65BC9D85-B038-48F4-A3E6-4E57A249EFD2}.Debug|x86.Build.0 = Debug|Any CPU
		{65BC9D85-B038-48F4-A3E6-4E57A249EFD2}.Release|x64.ActiveCfg = Release|Any CPU
		{65BC9D85-B038-48F4-A3E6-4E57A249EFD2}.Release|x64.Build.0 = Release|Any CPU
		{65BC9D85-B038-48F4-A3E6-4E57A249EFD2}.Release|x86.ActiveCfg = Release|Any CPU
		{65BC9D85-B038-48F4-A3E6-4E57A249EFD2}.Release|x86.Build.0 = Release|Any CPU
		{C77896A1-F01C-4CCF-B24D-27424E97B159}.Debug|x64.ActiveCfg = Debug|Any CPU
		{C77896A1-F01C-4CCF-B24D-27424E97B159}.Debug|x64.Build.0 = Debug|Any CPU
		{C77896A1-F01C-4CCF-B24D-27424E97B159}.Debug|x86.ActiveCfg = Debug|Any CPU
		{C77896A1-F01C-4CCF-B24D-27424E97B159}.Debug|x86.Build.0 = Debug|Any CPU
		{C77896A1-F01C-4CCF-B24D-27424E97B159}.Release|x64.ActiveCfg = Release|Any CPU
		{C77896A1-F01C-4CCF-B24D-27424E97B159}.Release|x64.Build.0 = Release|Any CPU
		{C77896A1-F01C-4CCF-B24D-27424E97B159}.Release|x86.ActiveCfg = Release|Any CPU
		{C77896A1-F01C-4CCF-B24D-27424E97B159}.Release|x86.Build.0 = Release|Any CPU
		{AEAA605D-3AD7-4ADA-B2DE-2FD478D5AE0D}.Debug|x64.ActiveCfg = Debug|x64
		{AEAA605D-3AD7-4ADA-B2DE-2FD478D5AE0D}.Debug|x64.Build.0 = Debug|x64
		{AEAA605D-3AD7-4ADA-B2DE-2FD478D5AE0D}.Debug|x86.ActiveCfg = Debug|x86
		{AEAA605D-3AD7-4ADA-B2DE-2FD478D5AE0D}.Debug|x86.Build.0 = Debug|x86
		{AEAA605D-3AD7-4ADA-B2DE-2FD478D5AE0D}.Release|x64.ActiveCfg = Release|x64
		{AEAA605D-3AD7-4ADA-B2DE-2FD478D5AE0D}.Release|x64.Build.0 = Release|x64
		{AEAA605D-3AD7-4ADA-B2DE-2FD478D5AE0D}.Release|x86.ActiveCfg = Release|x86
		{AEAA605D-3AD7-4ADA-B2DE-2FD478D5AE0D}.Release|x86.Build.0 = Release|x86
	EndGlobalSection
	GlobalSection(SolutionProperties) = preSolution
		HideSolutionNode = FALSE
	EndGlobalSection
	GlobalSection(ExtensibilityGlobals) = postSolution
		SolutionGuid = {A0279258-5D9E-4341-8EDA-F6D308A74C8C}
	EndGlobalSection
EndGlobal
